
Microsoft Visual Studio Solution File, Format Version 12.00
# Visual Studio Version 16
VisualStudioVersion = 16.0.29911.84
MinimumVisualStudioVersion = 10.0.40219.1
Project("{9A19103F-16F7-4668-BE54-9A1E7A4F7556}") = "MyCompany", "MyCompany.csproj", "{D01D824F-886D-4E56-9141-38AFEB1EA6CA}"
EndProject
Global
	GlobalSection(SolutionConfigurationPlatforms) = preSolution
		Debug|Any CPU = Debug|Any CPU
		Release|Any CPU = Release|Any CPU
	EndGlobalSection
	GlobalSection(ProjectConfigurationPlatforms) = postSolution
		{D01D824F-886D-4E56-9141-38AFEB1EA6CA}.Debug|Any CPU.ActiveCfg = Debug|Any CPU
		{D01D824F-886D-4E56-9141-38AFEB1EA6CA}.Debug|Any CPU.Build.0 = Debug|Any CPU
		{D01D824F-886D-4E56-9141-38AFEB1EA6CA}.Release|Any CPU.ActiveCfg = Release|Any CPU
		{D01D824F-886D-4E56-9141-38AFEB1EA6CA}.Release|Any CPU.Build.0 = Release|Any CPU
	EndGlobalSection
	GlobalSection(SolutionProperties) = preSolution
		HideSolutionNode = FALSE
	EndGlobalSection
	GlobalSection(ExtensibilityGlobals) = postSolution
		SolutionGuid = {0F702DE4-B214-4735-8DA0-27A29FC4C388}
	EndGlobalSection
EndGlobal
